
Microsoft Visual Studio Solution File, Format Version 12.00
# Visual Studio Version 16
VisualStudioVersion = 16.0.30717.126
MinimumVisualStudioVersion = 10.0.40219.1
Project("{FAE04EC0-301F-11D3-BF4B-00C04F79EFBC}") = "duiTask_6", "duiTask_6\duiTask_6.csproj", "{4FEE8505-AC61-4E61-8F5C-8C5467F2BCCB}"
EndProject
Global
	GlobalSection(SolutionConfigurationPlatforms) = preSolution
		Debug|Any CPU = Debug|Any CPU
		Release|Any CPU = Release|Any CPU
	EndGlobalSection
	GlobalSection(ProjectConfigurationPlatforms) = postSolution
		{4FEE8505-AC61-4E61-8F5C-8C5467F2BCCB}.Debug|Any CPU.ActiveCfg = Debug|Any CPU
		{4FEE8505-AC61-4E61-8F5C-8C5467F2BCCB}.Debug|Any CPU.Build.0 = Debug|Any CPU
		{4FEE8505-AC61-4E61-8F5C-8C5467F2BCCB}.Release|Any CPU.ActiveCfg = Release|Any CPU
		{4FEE8505-AC61-4E61-8F5C-8C5467F2BCCB}.Release|Any CPU.Build.0 = Release|Any CPU
	EndGlobalSection
	GlobalSection(SolutionProperties) = preSolution
		HideSolutionNode = FALSE
	EndGlobalSection
	GlobalSection(ExtensibilityGlobals) = postSolution
		SolutionGuid = {E3AF8A70-15C1-433C-A957-353EB194865B}
	EndGlobalSection
EndGlobal
